hash: 0a6aaec4e8b86a391fa489028256028e0d32e6b4f5810e7b4cdb30c26cd9049c
updated: 2017-02-08T14:53:31.790227342+01:00
imports:
- name: cloud.google.com/go
  version: ce650573d812270c64426f3df9fd220324d24b2f
  subpackages:
  - compute/metadata
  - internal
- name: github.com/aws/aws-sdk-go
  version: b5d549c8b24bf097dc539a63c4f91e6122740e3a
  subpackages:
  - aws
  - aws/awserr
  - aws/awsutil
  - aws/client
  - aws/client/metadata
  - aws/corehandlers
  - aws/credentials
  - aws/credentials/ec2rolecreds
  - aws/credentials/endpointcreds
  - aws/credentials/stscreds
  - aws/defaults
  - aws/ec2metadata
  - aws/endpoints
  - aws/request
  - aws/session
  - aws/signer/v4
  - private/protocol
  - private/protocol/ec2query
  - private/protocol/json/jsonutil
  - private/protocol/jsonrpc
  - private/protocol/query
  - private/protocol/query/queryutil
  - private/protocol/rest
  - private/protocol/xml/xmlutil
  - private/waiter
  - service/autoscaling
  - service/ec2
  - service/ecr
  - service/elb
  - service/sts
- name: github.com/beorn7/perks
  version: 4c0e84591b9aa9e6dcfdf3e020114cd81f89d5f9
  subpackages:
  - quantile
- name: github.com/blang/semver
  version: 4a1e882c79dcf4ec00d2e29fac74b9c8938d5052
- name: github.com/coreos/etcd
  version: 9b72c8ba1ba484802e155c9f6f0ddc21e9c256ce
  subpackages:
  - client
  - pkg/pathutil
  - pkg/types
  - version
- name: github.com/coreos/go-oidc
  version: f828b1fc9b58b59bd70ace766bfc190216b58b01
  subpackages:
  - http
  - jose
  - key
  - oauth2
  - oidc
- name: github.com/coreos/go-semver
  version: 9474efc580562cce8f761659fbce31b6feb8ce88
  subpackages:
  - semver
- name: github.com/coreos/pkg
  version: 1c941d73110817a80b9fa6e14d5d2b00d977ce2a
  subpackages:
  - health
  - httputil
  - timeutil
- name: github.com/davecgh/go-spew
  version: 346938d642f2ec3594ed81d874461961cd0faa76
  subpackages:
  - spew
- name: github.com/dgrijalva/jwt-go
  version: 2268707a8f0843315e2004ee4f1d021dc08baedf
- name: github.com/docker/distribution
  version: b1993c95303df3d0214129d85382c3c573e4df20
  subpackages:
  - digestset
  - reference
- name: github.com/docker/engine-api
  version: 4290f40c056686fcaa5c9caf02eac1dde9315adf
  subpackages:
  - types
  - types/blkiodev
  - types/container
  - types/filters
  - types/mount
  - types/network
  - types/registry
  - types/strslice
  - types/swarm
  - types/versions
- name: github.com/docker/go-connections
  version: 7da10c8c50cad14494ec818dcdfb6506265c0086
  subpackages:
  - nat
- name: github.com/docker/go-units
  version: 0dadbb0345b35ec7ef35e228dabb8de89a65bf52
- name: github.com/emicklei/go-restful
  version: 777bb3f19bcafe2575ffb2a3e46af92509ae9594
  subpackages:
  - log
  - swagger
- name: github.com/exponent-io/jsonpath
  version: d6023ce2651d8eafb5c75bb0c7167536102ec9f5
- name: github.com/ghodss/yaml
  version: 04f313413ffd65ce25f2541bfd2b2ceec5c0908c
- name: github.com/go-ini/ini
  version: e3c2d47c61e5333f9aa2974695dd94396eb69c75
- name: github.com/go-openapi/jsonpointer
  version: 779f45308c19820f1a69e9a4cd965f496e0da10f
- name: github.com/go-openapi/jsonreference
  version: 36d33bfe519efae5632669801b180bf1a245da3b
- name: github.com/go-openapi/spec
  version: 02fb9cd3430ed0581e0ceb4804d5d4b3cc702694
- name: github.com/go-openapi/swag
  version: d5f8ebc3b1c55a4cf6489eeae7354f338cfe299e
- name: github.com/gogo/protobuf
  version: 9c5b7bafbfccf2b40d274e0496f3a09418a87af4
  subpackages:
  - proto
  - sortkeys
- name: github.com/golang/glog
  version: 23def4e6c14b4da8ac2ed8007337bc5eb5007998
- name: github.com/golang/groupcache
  version: 72d04f9fcdec7d3821820cc4a6f150eae553639a
  subpackages:
  - lru
- name: github.com/golang/protobuf
  version: 8ee79997227bf9b34611aee7946ae64735e6fd93
  subpackages:
  - proto
- name: github.com/google/gofuzz
  version: 44d81051d367757e1c7c6a5a86423ece9afcf63c
- name: github.com/googleapis/gax-go
  version: da06d194a00e19ce00d9011a13931c3f6f6887c7
- name: github.com/hashicorp/golang-lru
  version: 0a025b7e63adc15a622f29b0b2c4c3848243bbf6
  subpackages:
  - simplelru
- name: github.com/hawkular/hawkular-client-go
  version: 4b3f4541afc19df94777a2f12deec15f5f8cd3be
  subpackages:
  - metrics
- name: github.com/howeyc/gopass
  version: bf9dde6d0d2c004a008c27aaee91170c786f6db8
- name: github.com/imdario/mergo
  version: 50d4dbd4eb0e84778abe37cefef140271d96fade
- name: github.com/inconshreveable/mousetrap
  version: 76626ae9c91c4f2a10f34cad8ce83ea42c93bb75
- name: github.com/influxdata/influxdb
  version: 8c25f0104eba8c0060e44a489f9d549e7d6a7a4d
  subpackages:
  - client
  - models
  - pkg/escape
- name: github.com/jmespath/go-jmespath
  version: bd40a432e4c76585ef6b72d3fd96fb9b6dc7b68d
- name: github.com/jonboulle/clockwork
  version: bcac9884e7502bb2b474c0339d889cb981a2f27f
- name: github.com/juju/ratelimit
  version: 77ed1c8a01217656d2080ad51981f6e99adaa177
- name: github.com/mailru/easyjson
  version: 99e922cf9de1bc0ab38310c277cff32c2147e747
  subpackages:
  - buffer
  - jlexer
  - jwriter
- name: github.com/matttproud/golang_protobuf_extensions
  version: c12348ce28de40eed0136aa2b644d0ee0650e56c
  subpackages:
  - pbutil
- name: github.com/mitchellh/mapstructure
  version: db1efb556f84b25a0a13a04aad883943538ad2e0
- name: github.com/opencontainers/go-digest
  version: aa2ec055abd10d26d539eb630a92241b781ce4bc
- name: github.com/pborman/uuid
  version: 1b00554d822231195d1babd97ff4a781231955c9
- name: github.com/prometheus/client_golang
  version: c317fb74746eac4fc65fe3909195f4cf67c5562a
  subpackages:
  - prometheus
- name: github.com/prometheus/client_model
  version: fa8ad6fec33561be4280a8f0514318c79d7f6cb6
  subpackages:
  - go
- name: github.com/prometheus/common
  version: dd2f054febf4a6c00f2343686efb775948a8bff4
  subpackages:
  - expfmt
  - internal/bitbucket.org/ww/goautoneg
  - model
- name: github.com/prometheus/procfs
  version: 1878d9fbb537119d24b21ca07effd591627cd160
- name: github.com/PuerkitoBio/purell
  version: 0bcb03f4b4d0a9428594752bd2a3b9aa0a9d4bd4
- name: github.com/PuerkitoBio/urlesc
  version: 5bd2802263f21d8788851d5305584c82a5c75d7e
- name: github.com/rackspace/gophercloud
  version: e00690e87603abe613e9f02c816c7c4bef82e063
  subpackages:
  - openstack
  - openstack/identity/v2/tenants
  - openstack/identity/v2/tokens
  - openstack/identity/v3/tokens
  - openstack/utils
  - pagination
  - testhelper
  - testhelper/client
- name: github.com/renstrom/dedent
  version: 020d11c3b9c0c7a3c2efcc8e5cf5b9ef7bcea21f
- name: github.com/spf13/cobra
  version: 99600f6874c95daab762dc2373dc3ee1f6a48575
- name: github.com/spf13/pflag
  version: 9ff6c6923cfffbcd502984b8e0c80539a94968b7
- name: github.com/ugorji/go
  version: d23841a297e5489e787e72fceffabf9d2994b52a
  subpackages:
  - codec
- name: golang.org/x/crypto
  version: 22ddb68eccda408bbf17759ac18d3120ce0d4f3f
  subpackages:
  - ssh/terminal
- name: golang.org/x/net
  version: 236b8f043b920452504e263bc21d354427127473
  subpackages:
  - context
  - context/ctxhttp
  - http2
  - http2/hpack
  - idna
  - internal/timeseries
  - lex/httplex
  - trace
- name: golang.org/x/oauth2
  version: 4464e7848382e6f39db55097f70e1460bdf944b3
  subpackages:
  - google
  - internal
  - jws
  - jwt
- name: golang.org/x/sys
  version: 7a6e5648d140666db5d920909e082ca00a87ba2c
  subpackages:
  - unix
- name: golang.org/x/text
  version: dafb3384ad25363d928a9e97ce4ad3a2f0667e34
  subpackages:
  - transform
  - unicode/norm
  - width
- name: google.golang.org/api
  version: 3d017632ea100549bbb3ae74c567d59f437ece0f
  subpackages:
  - cloudmonitoring/v2beta2
  - compute/v1
  - container/v1
  - gensupport
  - googleapi
  - googleapi/internal/uritemplates
- name: google.golang.org/appengine
  version: 2e4a801b39fc199db615bfca7d0b9f8cd9580599
  subpackages:
  - internal
  - internal/app_identity
  - internal/base
  - internal/datastore
  - internal/log
  - internal/modules
  - internal/remote_api
  - internal/urlfetch
  - urlfetch
- name: google.golang.org/grpc
  version: 2a6bf6142e96942e4fb9c0dfb157ee5d3cecafaa
  subpackages:
  - codes
  - credentials
  - grpclog
  - internal
  - metadata
  - naming
  - peer
  - stats
  - tap
  - transport
- name: gopkg.in/gcfg.v1
  version: 27e4946190b4a327b539185f2b5b1f7c84730728
  subpackages:
  - scanner
  - token
  - types
- name: gopkg.in/inf.v0
  version: 3887ee99ecf07df5b447e9b00d9c0b2adaa9f3e4
- name: gopkg.in/warnings.v0
  version: 8a331561fe74dadba6edfc59f3be66c22c3b065d
- name: gopkg.in/yaml.v2
  version: 4c78c975fe7c825c6d1466c42be594d1d6f3aba6
- name: k8s.io/kubernetes
  version: 08e099554f3c31f6e6f07b448ab3ed78d0520507
  subpackages:
  - cmd/kubeadm/app/apis/kubeadm
  - cmd/kubeadm/app/apis/kubeadm/install
  - cmd/kubeadm/app/apis/kubeadm/v1alpha1
  - federation/apis/federation
  - federation/apis/federation/install
  - federation/apis/federation/v1beta1
  - pkg/admission
  - pkg/api
  - pkg/api/endpoints
  - pkg/api/errors
  - pkg/api/install
  - pkg/api/meta
  - pkg/api/meta/metatypes
  - pkg/api/pod
  - pkg/api/resource
  - pkg/api/rest
  - pkg/api/service
  - pkg/api/testapi
  - pkg/api/testing
  - pkg/api/unversioned
  - pkg/api/unversioned/validation
  - pkg/api/util
  - pkg/api/v1
  - pkg/api/validation
  - pkg/api/validation/path
  - pkg/apimachinery
  - pkg/apimachinery/announced
  - pkg/apimachinery/registered
  - pkg/apis/abac
  - pkg/apis/abac/latest
  - pkg/apis/abac/v0
  - pkg/apis/abac/v1beta1
  - pkg/apis/apps
  - pkg/apis/apps/install
  - pkg/apis/apps/v1beta1
  - pkg/apis/authentication
  - pkg/apis/authentication/install
  - pkg/apis/authentication/v1beta1
  - pkg/apis/authorization
  - pkg/apis/authorization/install
  - pkg/apis/authorization/v1beta1
  - pkg/apis/autoscaling
  - pkg/apis/autoscaling/install
  - pkg/apis/autoscaling/v1
  - pkg/apis/batch
  - pkg/apis/batch/install
  - pkg/apis/batch/v1
  - pkg/apis/batch/v2alpha1
  - pkg/apis/certificates
  - pkg/apis/certificates/install
  - pkg/apis/certificates/v1alpha1
  - pkg/apis/componentconfig
  - pkg/apis/componentconfig/install
  - pkg/apis/componentconfig/v1alpha1
  - pkg/apis/extensions
  - pkg/apis/extensions/install
  - pkg/apis/extensions/v1beta1
  - pkg/apis/imagepolicy
  - pkg/apis/imagepolicy/install
  - pkg/apis/imagepolicy/v1alpha1
  - pkg/apis/policy
  - pkg/apis/policy/install
  - pkg/apis/policy/v1beta1
  - pkg/apis/rbac
  - pkg/apis/rbac/install
  - pkg/apis/rbac/v1alpha1
  - pkg/apis/rbac/validation
  - pkg/apis/storage
  - pkg/apis/storage/install
  - pkg/apis/storage/util
  - pkg/apis/storage/v1beta1
  - pkg/apiserver/authenticator
  - pkg/auth/authenticator
  - pkg/auth/authenticator/bearertoken
  - pkg/auth/authorizer
  - pkg/auth/authorizer/abac
  - pkg/auth/authorizer/union
  - pkg/auth/group
  - pkg/auth/user
  - pkg/capabilities
  - pkg/client/cache
  - pkg/client/clientset_generated/internalclientset
  - pkg/client/clientset_generated/internalclientset/typed/apps/internalversion
  - pkg/client/clientset_generated/internalclientset/typed/authentication/internalversion
  - pkg/client/clientset_generated/internalclientset/typed/authorization/internalversion
  - pkg/client/clientset_generated/internalclientset/typed/autoscaling/internalversion
  - pkg/client/clientset_generated/internalclientset/typed/batch/internalversion
  - pkg/client/clientset_generated/internalclientset/typed/certificates/internalversion
  - pkg/client/clientset_generated/internalclientset/typed/core/internalversion
  - pkg/client/clientset_generated/internalclientset/typed/extensions/internalversion
  - pkg/client/clientset_generated/internalclientset/typed/extensions/unversioned
  - pkg/client/clientset_generated/internalclientset/typed/policy/internalversion
  - pkg/client/clientset_generated/internalclientset/typed/rbac/internalversion
  - pkg/client/clientset_generated/internalclientset/typed/storage/internalversion
  - pkg/client/leaderelection
  - pkg/client/leaderelection/resourcelock
  - pkg/client/listers/batch/internalversion
  - pkg/client/listers/core/internalversion
  - pkg/client/metrics
  - pkg/client/record
  - pkg/client/restclient
  - pkg/client/transport
  - pkg/client/typed/discovery
  - pkg/client/unversioned
  - pkg/client/unversioned/auth
  - pkg/client/unversioned/clientcmd
  - pkg/client/unversioned/clientcmd/api
  - pkg/client/unversioned/clientcmd/api/latest
  - pkg/client/unversioned/clientcmd/api/v1
  - pkg/cloudprovider
  - pkg/cloudprovider/providers/aws
  - pkg/cloudprovider/providers/gce
  - pkg/controller/informers
  - pkg/conversion
  - pkg/conversion/queryparams
  - pkg/credentialprovider
  - pkg/credentialprovider/aws
  - pkg/fields
  - pkg/genericapiserver/authorizer
  - pkg/genericapiserver/openapi/common
  - pkg/genericapiserver/options
  - pkg/kubelet/leaky
  - pkg/kubelet/qos
  - pkg/kubelet/types
  - pkg/labels
  - pkg/master/ports
  - pkg/quota
  - pkg/quota/evaluator/core
  - pkg/quota/generic
  - pkg/quota/install
  - pkg/runtime
  - pkg/runtime/serializer
  - pkg/runtime/serializer/json
  - pkg/runtime/serializer/protobuf
  - pkg/runtime/serializer/recognizer
  - pkg/runtime/serializer/streaming
  - pkg/runtime/serializer/versioning
  - pkg/security/apparmor
  - pkg/security/podsecuritypolicy
  - pkg/security/podsecuritypolicy/apparmor
  - pkg/security/podsecuritypolicy/capabilities
  - pkg/security/podsecuritypolicy/group
  - pkg/security/podsecuritypolicy/seccomp
  - pkg/security/podsecuritypolicy/selinux
  - pkg/security/podsecuritypolicy/sysctl
  - pkg/security/podsecuritypolicy/user
  - pkg/security/podsecuritypolicy/util
  - pkg/securitycontext
  - pkg/selection
  - pkg/serviceaccount
  - pkg/storage
  - pkg/storage/etcd
  - pkg/storage/etcd/metrics
  - pkg/storage/etcd/util
  - pkg/storage/storagebackend
  - pkg/types
  - pkg/util
  - pkg/util/cache
  - pkg/util/cert
  - pkg/util/chmod
  - pkg/util/chown
  - pkg/util/clock
  - pkg/util/config
  - pkg/util/diff
  - pkg/util/errors
  - pkg/util/exec
  - pkg/util/flowcontrol
  - pkg/util/framer
  - pkg/util/hash
  - pkg/util/homedir
  - pkg/util/integer
  - pkg/util/intstr
  - pkg/util/io
  - pkg/util/json
  - pkg/util/jsonpath
  - pkg/util/labels
  - pkg/util/maps
  - pkg/util/mount
  - pkg/util/net
  - pkg/util/net/sets
  - pkg/util/node
  - pkg/util/parsers
  - pkg/util/rand
  - pkg/util/runtime
  - pkg/util/sets
  - pkg/util/strategicpatch
  - pkg/util/uuid
  - pkg/util/validation
  - pkg/util/validation/field
  - pkg/util/wait
  - pkg/util/workqueue
  - pkg/util/workqueue/prometheus
  - pkg/util/yaml
  - pkg/version
  - pkg/volume
  - pkg/volume/util
  - pkg/watch
  - pkg/watch/versioned
  - plugin/cmd/kube-scheduler/app/options
  - plugin/pkg/admission/admit
  - plugin/pkg/admission/alwayspullimages
  - plugin/pkg/admission/antiaffinity
  - plugin/pkg/admission/deny
  - plugin/pkg/admission/exec
  - plugin/pkg/admission/gc
  - plugin/pkg/admission/imagepolicy
  - plugin/pkg/admission/initialresources
  - plugin/pkg/admission/limitranger
  - plugin/pkg/admission/namespace/autoprovision
  - plugin/pkg/admission/namespace/exists
  - plugin/pkg/admission/namespace/lifecycle
  - plugin/pkg/admission/persistentvolume/label
  - plugin/pkg/admission/podnodeselector
  - plugin/pkg/admission/resourcequota
  - plugin/pkg/admission/security/podsecuritypolicy
  - plugin/pkg/admission/securitycontext/scdeny
  - plugin/pkg/admission/serviceaccount
  - plugin/pkg/admission/storageclass/default
  - plugin/pkg/auth/authenticator/password/keystone
  - plugin/pkg/auth/authenticator/password/passwordfile
  - plugin/pkg/auth/authenticator/request/anonymous
  - plugin/pkg/auth/authenticator/request/basicauth
  - plugin/pkg/auth/authenticator/request/headerrequest
  - plugin/pkg/auth/authenticator/request/union
  - plugin/pkg/auth/authenticator/request/x509
  - plugin/pkg/auth/authenticator/token/anytoken
  - plugin/pkg/auth/authenticator/token/oidc
  - plugin/pkg/auth/authenticator/token/tokenfile
  - plugin/pkg/auth/authenticator/token/webhook
  - plugin/pkg/auth/authorizer/rbac
  - plugin/pkg/auth/authorizer/webhook
  - plugin/pkg/client/auth
  - plugin/pkg/client/auth/gcp
  - plugin/pkg/client/auth/oidc
  - plugin/pkg/scheduler
  - plugin/pkg/scheduler/algorithm
  - plugin/pkg/scheduler/algorithm/predicates
  - plugin/pkg/scheduler/algorithm/priorities
  - plugin/pkg/scheduler/algorithm/priorities/util
  - plugin/pkg/scheduler/algorithmprovider
  - plugin/pkg/scheduler/algorithmprovider/defaults
  - plugin/pkg/scheduler/api
  - plugin/pkg/scheduler/api/latest
  - plugin/pkg/scheduler/api/v1
  - plugin/pkg/scheduler/api/validation
  - plugin/pkg/scheduler/factory
  - plugin/pkg/scheduler/metrics
  - plugin/pkg/scheduler/schedulercache
  - plugin/pkg/webhook
  - third_party/forked/golang/json
  - third_party/forked/golang/reflect
  - third_party/forked/golang/template
testImports: []
