hash: 8fbb1fed0be9c3b32aa06f499b88df18e24d56a14a40f41caedb971e5d828b0c
updated: 2017-02-23T10:49:17.018555585+01:00
imports:
- name: bitbucket.org/ww/goautoneg
  version: 75cd24fc2f2c2a2088577d12123ddee5f54e0675
- name: cloud.google.com/go
  version: 1ed2f0abb2869a51b3a5b9daec801bf9791f95d0
  subpackages:
  - compute/metadata
  - internal
- name: github.com/aws/aws-sdk-go
  version: 08762661fb8f2c081b434de78a363daf6e8615a0
  subpackages:
  - aws
  - aws/awserr
  - aws/awsutil
  - aws/client
  - aws/client/metadata
  - aws/corehandlers
  - aws/credentials
  - aws/credentials/ec2rolecreds
  - aws/credentials/endpointcreds
  - aws/credentials/stscreds
  - aws/defaults
  - aws/ec2metadata
  - aws/endpoints
  - aws/request
  - aws/session
  - aws/signer/v4
  - private/protocol
  - private/protocol/ec2query
  - private/protocol/json/jsonutil
  - private/protocol/jsonrpc
  - private/protocol/query
  - private/protocol/query/queryutil
  - private/protocol/rest
  - private/protocol/xml/xmlutil
  - private/waiter
  - service/autoscaling
  - service/ec2
  - service/ecr
  - service/elb
  - service/sts
- name: github.com/beorn7/perks
  version: 4c0e84591b9aa9e6dcfdf3e020114cd81f89d5f9
  subpackages:
  - quantile
- name: github.com/coreos/etcd
  version: 86c9bf5c3f68707048e2cea63101e0d8d156331d
  subpackages:
  - auth/authpb
  - client
  - clientv3
  - etcdserver/api/v3rpc/rpctypes
  - etcdserver/etcdserverpb
  - mvcc/mvccpb
  - pkg/pathutil
  - pkg/tlsutil
  - pkg/transport
  - pkg/types
  - version
- name: github.com/coreos/go-oidc
  version: f828b1fc9b58b59bd70ace766bfc190216b58b01
  subpackages:
  - http
  - jose
  - key
  - oauth2
  - oidc
- name: github.com/coreos/go-semver
  version: 5e3acbb5668c4c3deb4842615c4098eb61fb6b1e
  subpackages:
  - semver
- name: github.com/coreos/go-systemd
  version: b9b5f5970662ce700ab6ee41f56186e5b131490c
  subpackages:
  - daemon
- name: github.com/coreos/pkg
  version: 1c941d73110817a80b9fa6e14d5d2b00d977ce2a
  subpackages:
  - health
  - httputil
  - timeutil
- name: github.com/davecgh/go-spew
  version: 346938d642f2ec3594ed81d874461961cd0faa76
  subpackages:
  - spew
- name: github.com/dgrijalva/jwt-go
  version: 2268707a8f0843315e2004ee4f1d021dc08baedf
- name: github.com/docker/distribution
  version: 50133d63723f8fa376e632a853739990a133be16
  subpackages:
  - digestset
  - reference
- name: github.com/docker/engine-api
  version: 4290f40c056686fcaa5c9caf02eac1dde9315adf
  subpackages:
  - types
  - types/blkiodev
  - types/container
  - types/filters
  - types/mount
  - types/network
  - types/registry
  - types/strslice
  - types/swarm
  - types/versions
- name: github.com/docker/go-connections
  version: 1b14b2d192e2f91cdc2bc6bf9aee0b0e116eed42
  subpackages:
  - nat
- name: github.com/docker/go-units
  version: 0dadbb0345b35ec7ef35e228dabb8de89a65bf52
- name: github.com/elazarl/go-bindata-assetfs
  version: 9a6736ed45b44bf3835afeebb3034b57ed329f3e
- name: github.com/emicklei/go-restful
  version: 89ef8af493ab468a45a42bb0d89a06fccdd2fb22
  vcs: git
  subpackages:
  - log
  - swagger
- name: github.com/evanphx/json-patch
  version: ba18e35c5c1b36ef6334cad706eb681153d2d379
- name: github.com/exponent-io/jsonpath
  version: d6023ce2651d8eafb5c75bb0c7167536102ec9f5
- name: github.com/ghodss/yaml
  version: 04f313413ffd65ce25f2541bfd2b2ceec5c0908c
- name: github.com/go-ini/ini
  version: 74bdc99692c3408cb103221e38675ce8fda0a718
- name: github.com/go-openapi/jsonpointer
  version: 779f45308c19820f1a69e9a4cd965f496e0da10f
- name: github.com/go-openapi/jsonreference
  version: 36d33bfe519efae5632669801b180bf1a245da3b
- name: github.com/go-openapi/spec
  version: 02fb9cd3430ed0581e0ceb4804d5d4b3cc702694
- name: github.com/go-openapi/swag
  version: d5f8ebc3b1c55a4cf6489eeae7354f338cfe299e
- name: github.com/gogo/protobuf
  version: 3ea128ab69017b2bb9720f38a32e2dcfc22c0546
  subpackages:
  - proto
  - sortkeys
- name: github.com/golang/glog
  version: 23def4e6c14b4da8ac2ed8007337bc5eb5007998
- name: github.com/golang/groupcache
  version: 72d04f9fcdec7d3821820cc4a6f150eae553639a
  subpackages:
  - lru
- name: github.com/golang/protobuf
  version: 69b215d01a5606c843240eab4937eab3acee6530
  subpackages:
  - jsonpb
  - proto
- name: github.com/google/gofuzz
  version: 44d81051d367757e1c7c6a5a86423ece9afcf63c
- name: github.com/googleapis/gax-go
  version: da06d194a00e19ce00d9011a13931c3f6f6887c7
- name: github.com/grpc-ecosystem/grpc-gateway
  version: b855144721c1eeda1c8c78215662d14da4cf1700
  subpackages:
  - runtime
  - runtime/internal
  - utilities
- name: github.com/hashicorp/golang-lru
  version: 0a025b7e63adc15a622f29b0b2c4c3848243bbf6
  subpackages:
  - simplelru
- name: github.com/hawkular/hawkular-client-go
  version: 4b3f4541afc19df94777a2f12deec15f5f8cd3be
  subpackages:
  - metrics
- name: github.com/howeyc/gopass
  version: bf9dde6d0d2c004a008c27aaee91170c786f6db8
- name: github.com/imdario/mergo
  version: 50d4dbd4eb0e84778abe37cefef140271d96fade
- name: github.com/inconshreveable/mousetrap
  version: 76626ae9c91c4f2a10f34cad8ce83ea42c93bb75
- name: github.com/influxdata/influxdb
  version: c83c742b49f2a22ab997081c19ea0fb44f2bb8fc
  subpackages:
  - client
  - models
  - pkg/escape
- name: github.com/jmespath/go-jmespath
  version: bd40a432e4c76585ef6b72d3fd96fb9b6dc7b68d
- name: github.com/jonboulle/clockwork
  version: bcac9884e7502bb2b474c0339d889cb981a2f27f
- name: github.com/juju/ratelimit
  version: 77ed1c8a01217656d2080ad51981f6e99adaa177
- name: github.com/mailru/easyjson
  version: d89c33ca38a143e5190297c6252fcc75f01694ed
  subpackages:
  - buffer
  - jlexer
  - jwriter
- name: github.com/matttproud/golang_protobuf_extensions
  version: c12348ce28de40eed0136aa2b644d0ee0650e56c
  subpackages:
  - pbutil
- name: github.com/mitchellh/mapstructure
  version: db1efb556f84b25a0a13a04aad883943538ad2e0
- name: github.com/opencontainers/go-digest
  version: aa2ec055abd10d26d539eb630a92241b781ce4bc
- name: github.com/pborman/uuid
  version: 1b00554d822231195d1babd97ff4a781231955c9
- name: github.com/pkg/errors
  version: 248dadf4e9068a0b3e79f02ed0a610d935de5302
- name: github.com/prometheus/client_golang
  version: 6dbab8106ed3ed77359ac85d9cf08e30290df864
  subpackages:
  - model
  - prometheus
  - text
- name: github.com/prometheus/client_model
  version: 6f3806018612930941127f2a7c6c453ba2c527d2
  subpackages:
  - go
- name: github.com/prometheus/procfs
  version: a1dba9ce8baed984a2495b658c82687f8157b98f
  subpackages:
  - xfs
- name: github.com/PuerkitoBio/purell
  version: 0bcb03f4b4d0a9428594752bd2a3b9aa0a9d4bd4
- name: github.com/PuerkitoBio/urlesc
  version: 5bd2802263f21d8788851d5305584c82a5c75d7e
- name: github.com/rackspace/gophercloud
  version: e00690e87603abe613e9f02c816c7c4bef82e063
  subpackages:
  - openstack
  - openstack/identity/v2/tenants
  - openstack/identity/v2/tokens
  - openstack/identity/v3/tokens
  - openstack/utils
  - pagination
  - testhelper
  - testhelper/client
- name: github.com/renstrom/dedent
  version: 020d11c3b9c0c7a3c2efcc8e5cf5b9ef7bcea21f
- name: github.com/spf13/cobra
  version: ee4055870c2d5f7ce112642377e32c9929c3bbaf
- name: github.com/spf13/pflag
  version: 5ccb023bc27df288a957c5e994cd44fd19619465
  vcs: git
- name: github.com/ugorji/go
  version: c88ee250d0221a57af388746f5cf03768c21d6e2
  subpackages:
  - codec
- name: golang.org/x/crypto
  version: 453249f01cfeb54c3d549ddb75ff152ca243f9d8
  subpackages:
  - ssh/terminal
- name: golang.org/x/net
  version: 6b27048ae5e6ad1ef927e72e437531493de612fe
  subpackages:
  - context
  - context/ctxhttp
  - html
  - html/atom
  - http2
  - http2/hpack
  - idna
  - internal/timeseries
  - lex/httplex
  - trace
  - websocket
- name: golang.org/x/oauth2
  version: b9780ec78894ab900c062d58ee3076cd9b2a4501
  subpackages:
  - google
  - internal
  - jws
  - jwt
- name: golang.org/x/sys
  version: 075e574b89e4c2d22f2286a7e2b919519c6f3547
  subpackages:
  - unix
- name: golang.org/x/text
  version: 4687d739464a2d0af89a25be0318456e0776f3ef
  subpackages:
  - transform
  - unicode/norm
  - width
- name: google.golang.org/api
  version: bc20c61134e1d25265dd60049f5735381e79b631
  subpackages:
  - cloudmonitoring/v2beta2
  - compute/v1
  - container/v1
  - gensupport
  - googleapi
  - googleapi/internal/uritemplates
- name: google.golang.org/appengine
  version: 3a452f9e00122ead39586d68ffdb9c6e1326af3c
  subpackages:
  - internal
  - internal/app_identity
  - internal/base
  - internal/datastore
  - internal/log
  - internal/modules
  - internal/remote_api
  - internal/urlfetch
  - urlfetch
- name: google.golang.org/grpc
  version: 20633fa172ac711ac6a77fd573ed13f23ec56dcb
  subpackages:
  - codes
  - credentials
  - grpclog
  - internal
  - metadata
  - naming
  - peer
  - stats
  - tap
  - transport
- name: gopkg.in/gcfg.v1
  version: 27e4946190b4a327b539185f2b5b1f7c84730728
  subpackages:
  - scanner
  - token
  - types
- name: gopkg.in/inf.v0
  version: 3887ee99ecf07df5b447e9b00d9c0b2adaa9f3e4
- name: gopkg.in/natefinch/lumberjack.v2
  version: dd45e6a67c53f673bb49ca8a001fd3a63ceb640e
- name: gopkg.in/warnings.v0
  version: 8a331561fe74dadba6edfc59f3be66c22c3b065d
- name: gopkg.in/yaml.v2
  version: a3f3340b5840cee44f372bddb5880fcbc419b46a
- name: k8s.io/apimachinery
  version: 0f8a3af747f81547246d79ca00c20af330868fa6
  subpackages:
  - pkg/api/equality
  - pkg/api/errors
  - pkg/api/meta
  - pkg/api/resource
  - pkg/api/testing
  - pkg/api/validation
  - pkg/api/validation/path
  - pkg/apimachinery
  - pkg/apimachinery/announced
  - pkg/apimachinery/registered
  - pkg/apis/meta/internalversion
  - pkg/apis/meta/v1
  - pkg/apis/meta/v1/unstructured
  - pkg/apis/meta/v1/validation
  - pkg/conversion
  - pkg/conversion/queryparams
  - pkg/fields
  - pkg/labels
  - pkg/openapi
  - pkg/runtime
  - pkg/runtime/schema
  - pkg/runtime/serializer
  - pkg/runtime/serializer/json
  - pkg/runtime/serializer/protobuf
  - pkg/runtime/serializer/recognizer
  - pkg/runtime/serializer/streaming
  - pkg/runtime/serializer/versioning
  - pkg/selection
  - pkg/types
  - pkg/util/diff
  - pkg/util/errors
  - pkg/util/framer
  - pkg/util/httpstream
  - pkg/util/intstr
  - pkg/util/json
  - pkg/util/mergepatch
  - pkg/util/net
  - pkg/util/rand
  - pkg/util/runtime
  - pkg/util/sets
  - pkg/util/strategicpatch
  - pkg/util/uuid
  - pkg/util/validation
  - pkg/util/validation/field
  - pkg/util/wait
  - pkg/util/yaml
  - pkg/version
  - pkg/watch
  - third_party/forked/golang/json
  - third_party/forked/golang/netutil
  - third_party/forked/golang/reflect
- name: k8s.io/apiserver
  version: b516a2b26a5881cba38afe47f6bf20c9d314ff15
  subpackages:
  - pkg/admission
  - pkg/apis/apiserver
  - pkg/apis/apiserver/install
  - pkg/apis/apiserver/v1alpha1
  - pkg/authentication/authenticator
  - pkg/authentication/authenticatorfactory
  - pkg/authentication/group
  - pkg/authentication/request/anonymous
  - pkg/authentication/request/bearertoken
  - pkg/authentication/request/headerrequest
  - pkg/authentication/request/union
  - pkg/authentication/request/x509
  - pkg/authentication/serviceaccount
  - pkg/authentication/token/tokenfile
  - pkg/authentication/user
  - pkg/authorization/authorizer
  - pkg/authorization/authorizerfactory
  - pkg/authorization/union
  - pkg/endpoints
  - pkg/endpoints/filters
  - pkg/endpoints/handlers
  - pkg/endpoints/handlers/negotiation
  - pkg/endpoints/handlers/responsewriters
  - pkg/endpoints/metrics
  - pkg/endpoints/openapi
  - pkg/endpoints/request
  - pkg/features
  - pkg/registry/generic
  - pkg/registry/generic/registry
  - pkg/registry/rest
  - pkg/server
  - pkg/server/filters
  - pkg/server/healthz
  - pkg/server/httplog
  - pkg/server/mux
  - pkg/server/openapi
  - pkg/server/options
  - pkg/server/routes
  - pkg/server/routes/data/swagger
  - pkg/server/storage
  - pkg/storage
  - pkg/storage/errors
  - pkg/storage/etcd
  - pkg/storage/etcd/metrics
  - pkg/storage/etcd/util
  - pkg/storage/etcd3
  - pkg/storage/names
  - pkg/storage/storagebackend
  - pkg/storage/storagebackend/factory
  - pkg/util/cache
  - pkg/util/feature
  - pkg/util/flag
  - pkg/util/flushwriter
  - pkg/util/proxy
  - pkg/util/trace
  - pkg/util/trie
  - pkg/util/webhook
  - pkg/util/wsstream
  - plugin/pkg/authenticator/password/keystone
  - plugin/pkg/authenticator/password/passwordfile
  - plugin/pkg/authenticator/request/basicauth
  - plugin/pkg/authenticator/token/anytoken
  - plugin/pkg/authenticator/token/oidc
  - plugin/pkg/authenticator/token/webhook
  - plugin/pkg/authorizer/webhook
- name: k8s.io/client-go
  version: 82a657e3904b1f8506d4d3c8ebd8f11bdb9f3694
  subpackages:
  - discovery
  - kubernetes/typed/authentication/v1beta1
  - kubernetes/typed/authorization/v1beta1
  - pkg/api
  - pkg/api/v1
  - pkg/apis/authentication
  - pkg/apis/authentication/install
  - pkg/apis/authentication/v1beta1
  - pkg/apis/authorization
  - pkg/apis/authorization/install
  - pkg/apis/authorization/v1beta1
  - pkg/apis/autoscaling
  - pkg/apis/extensions
  - pkg/util
  - pkg/util/labels
  - pkg/util/parsers
  - pkg/version
  - plugin/pkg/client/auth
  - plugin/pkg/client/auth/gcp
  - plugin/pkg/client/auth/oidc
  - rest
  - rest/watch
  - third_party/forked/golang/template
  - tools/auth
  - tools/cache
  - tools/clientcmd
  - tools/clientcmd/api
  - tools/clientcmd/api/latest
  - tools/clientcmd/api/v1
  - tools/metrics
  - tools/record
  - transport
  - util/cert
  - util/clock
  - util/flowcontrol
  - util/homedir
  - util/integer
  - util/jsonpath
  - util/workqueue
- name: k8s.io/kubernetes
  version: 7738f41b958bd8a8018333b9c3eb86c563e1ee1a
  subpackages:
  - cmd/kubeadm/app/apis/kubeadm
  - cmd/kubeadm/app/apis/kubeadm/install
  - cmd/kubeadm/app/apis/kubeadm/v1alpha1
  - federation/apis/federation
  - federation/apis/federation/install
  - federation/apis/federation/v1beta1
  - pkg/api
  - pkg/api/install
  - pkg/api/meta
  - pkg/api/pod
  - pkg/api/resource
  - pkg/api/service
  - pkg/api/testapi
  - pkg/api/testing
  - pkg/api/unversioned
  - pkg/api/util
  - pkg/api/v1
  - pkg/api/v1/service
  - pkg/api/validation
  - pkg/apis/abac
  - pkg/apis/abac/latest
  - pkg/apis/abac/v0
  - pkg/apis/abac/v1beta1
  - pkg/apis/apps
  - pkg/apis/apps/install
  - pkg/apis/apps/v1beta1
  - pkg/apis/authentication
  - pkg/apis/authentication/install
  - pkg/apis/authentication/v1
  - pkg/apis/authentication/v1beta1
  - pkg/apis/authorization
  - pkg/apis/authorization/install
  - pkg/apis/authorization/v1
  - pkg/apis/authorization/v1beta1
  - pkg/apis/autoscaling
  - pkg/apis/autoscaling/install
  - pkg/apis/autoscaling/v1
  - pkg/apis/autoscaling/v2alpha1
  - pkg/apis/batch
  - pkg/apis/batch/install
  - pkg/apis/batch/v1
  - pkg/apis/batch/v2alpha1
  - pkg/apis/certificates
  - pkg/apis/certificates/install
  - pkg/apis/certificates/v1beta1
  - pkg/apis/componentconfig
  - pkg/apis/componentconfig/install
  - pkg/apis/componentconfig/v1alpha1
  - pkg/apis/extensions
  - pkg/apis/extensions/install
  - pkg/apis/extensions/v1beta1
  - pkg/apis/imagepolicy
  - pkg/apis/imagepolicy/install
  - pkg/apis/imagepolicy/v1alpha1
  - pkg/apis/policy
  - pkg/apis/policy/install
  - pkg/apis/policy/v1beta1
  - pkg/apis/rbac
  - pkg/apis/rbac/install
  - pkg/apis/rbac/v1alpha1
  - pkg/apis/rbac/v1beta1
  - pkg/apis/storage
  - pkg/apis/storage/install
  - pkg/apis/storage/util
  - pkg/apis/storage/v1beta1
  - pkg/auth/authorizer/abac
  - pkg/capabilities
  - pkg/client/cache
  - pkg/client/clientset_generated/clientset
  - pkg/client/clientset_generated/clientset/typed/apps/v1beta1
  - pkg/client/clientset_generated/clientset/typed/authentication/v1
  - pkg/client/clientset_generated/clientset/typed/authentication/v1beta1
  - pkg/client/clientset_generated/clientset/typed/authorization/v1
  - pkg/client/clientset_generated/clientset/typed/authorization/v1beta1
  - pkg/client/clientset_generated/clientset/typed/autoscaling/v1
  - pkg/client/clientset_generated/clientset/typed/autoscaling/v2alpha1
  - pkg/client/clientset_generated/clientset/typed/batch/v1
  - pkg/client/clientset_generated/clientset/typed/batch/v2alpha1
  - pkg/client/clientset_generated/clientset/typed/certificates/v1beta1
  - pkg/client/clientset_generated/clientset/typed/core/v1
  - pkg/client/clientset_generated/clientset/typed/extensions/v1beta1
  - pkg/client/clientset_generated/clientset/typed/policy/v1beta1
  - pkg/client/clientset_generated/clientset/typed/rbac/v1alpha1
  - pkg/client/clientset_generated/clientset/typed/rbac/v1beta1
  - pkg/client/clientset_generated/clientset/typed/storage/v1beta1
  - pkg/client/clientset_generated/internalclientset
  - pkg/client/clientset_generated/internalclientset/typed/apps/internalversion
  - pkg/client/clientset_generated/internalclientset/typed/authentication/internalversion
  - pkg/client/clientset_generated/internalclientset/typed/authorization/internalversion
  - pkg/client/clientset_generated/internalclientset/typed/autoscaling/internalversion
  - pkg/client/clientset_generated/internalclientset/typed/batch/internalversion
  - pkg/client/clientset_generated/internalclientset/typed/certificates/internalversion
  - pkg/client/clientset_generated/internalclientset/typed/core/internalversion
  - pkg/client/clientset_generated/internalclientset/typed/extensions/internalversion
  - pkg/client/clientset_generated/internalclientset/typed/extensions/unversioned
  - pkg/client/clientset_generated/internalclientset/typed/policy/internalversion
  - pkg/client/clientset_generated/internalclientset/typed/rbac/internalversion
  - pkg/client/clientset_generated/internalclientset/typed/storage/internalversion
  - pkg/client/leaderelection
  - pkg/client/leaderelection/resourcelock
  - pkg/client/legacylisters
  - pkg/client/listers/batch/v1
  - pkg/client/listers/core/internalversion
  - pkg/client/record
  - pkg/client/restclient
  - pkg/client/unversioned
  - pkg/client/unversioned/clientcmd
  - pkg/cloudprovider
  - pkg/cloudprovider/providers/aws
  - pkg/cloudprovider/providers/gce
  - pkg/controller/informers
  - pkg/credentialprovider
  - pkg/credentialprovider/aws
  - pkg/features
  - pkg/fields
  - pkg/kubeapiserver/admission
  - pkg/kubeapiserver/authenticator
  - pkg/kubeapiserver/authorizer
  - pkg/kubeapiserver/options
  - pkg/kubelet/qos
  - pkg/kubelet/types
  - pkg/labels
  - pkg/master/ports
  - pkg/quota
  - pkg/quota/evaluator/core
  - pkg/quota/generic
  - pkg/quota/install
  - pkg/registry/rbac/validation
  - pkg/runtime
  - pkg/security/apparmor
  - pkg/security/podsecuritypolicy
  - pkg/security/podsecuritypolicy/apparmor
  - pkg/security/podsecuritypolicy/capabilities
  - pkg/security/podsecuritypolicy/group
  - pkg/security/podsecuritypolicy/seccomp
  - pkg/security/podsecuritypolicy/selinux
  - pkg/security/podsecuritypolicy/sysctl
  - pkg/security/podsecuritypolicy/user
  - pkg/security/podsecuritypolicy/util
  - pkg/securitycontext
  - pkg/serviceaccount
  - pkg/util
  - pkg/util/chmod
  - pkg/util/chown
  - pkg/util/exec
  - pkg/util/hash
  - pkg/util/io
  - pkg/util/labels
  - pkg/util/maps
  - pkg/util/mount
  - pkg/util/net/sets
  - pkg/util/node
  - pkg/util/parsers
  - pkg/util/wait
  - pkg/util/workqueue/prometheus
  - pkg/util/yaml
  - pkg/version
  - pkg/volume
  - pkg/volume/util
  - pkg/watch
  - plugin/cmd/kube-scheduler/app/options
  - plugin/pkg/admission/admit
  - plugin/pkg/admission/alwayspullimages
  - plugin/pkg/admission/antiaffinity
  - plugin/pkg/admission/deny
  - plugin/pkg/admission/exec
  - plugin/pkg/admission/gc
  - plugin/pkg/admission/imagepolicy
  - plugin/pkg/admission/initialresources
  - plugin/pkg/admission/limitranger
  - plugin/pkg/admission/namespace/autoprovision
  - plugin/pkg/admission/namespace/exists
  - plugin/pkg/admission/namespace/lifecycle
  - plugin/pkg/admission/persistentvolume/label
  - plugin/pkg/admission/podnodeselector
  - plugin/pkg/admission/resourcequota
  - plugin/pkg/admission/security/podsecuritypolicy
  - plugin/pkg/admission/securitycontext/scdeny
  - plugin/pkg/admission/serviceaccount
  - plugin/pkg/admission/storageclass/default
  - plugin/pkg/auth/authorizer/rbac
  - plugin/pkg/scheduler
  - plugin/pkg/scheduler/algorithm
  - plugin/pkg/scheduler/algorithm/predicates
  - plugin/pkg/scheduler/algorithm/priorities
  - plugin/pkg/scheduler/algorithm/priorities/util
  - plugin/pkg/scheduler/algorithmprovider
  - plugin/pkg/scheduler/algorithmprovider/defaults
  - plugin/pkg/scheduler/api
  - plugin/pkg/scheduler/api/latest
  - plugin/pkg/scheduler/api/v1
  - plugin/pkg/scheduler/api/validation
  - plugin/pkg/scheduler/factory
  - plugin/pkg/scheduler/metrics
  - plugin/pkg/scheduler/schedulercache
  - plugin/pkg/scheduler/util
testImports: []
